
Microsoft Visual Studio Solution File, Format Version 12.00
# Visual Studio Version 17
VisualStudioVersion = 17.11.35327.3
MinimumVisualStudioVersion = 10.0.40219.1
Project("{9A19103F-16F7-4668-BE54-9A1E7A4F7556}") = "TranslationWeb", "TranslationWeb\TranslationWeb.csproj", "{136962ED-5206-4FE2-960F-E7105193F4B5}"
EndProject
Project("{9A19103F-16F7-4668-BE54-9A1E7A4F7556}") = "TranslationApi.API", "TranslationApi.API\TranslationApi.API.csproj", "{E5772AB0-6116-4423-90D5-936592A403E5}"
EndProject
Project("{9A19103F-16F7-4668-BE54-9A1E7A4F7556}") = "TranslationApi.Application", "TranslationApi.Application\TranslationApi.Application.csproj", "{FED25483-927C-4C92-884D-6F36B714BC7A}"
EndProject
Project("{9A19103F-16F7-4668-BE54-9A1E7A4F7556}") = "TranslationApi.Domain", "TranslationApi.Domain\TranslationApi.Domain.csproj", "{B9C45D7C-27F6-41DE-855F-7677DC2578BC}"
EndProject
Project("{9A19103F-16F7-4668-BE54-9A1E7A4F7556}") = "TranslationApi.Infrastructure", "TranslationApi.Infrastructure\TranslationApi.Infrastructure.csproj", "{E02912FE-572F-4D6F-850A-0ABAE8B25DBD}"
EndProject
Global
	GlobalSection(SolutionConfigurationPlatforms) = preSolution
		Debug|Any CPU = Debug|Any CPU
		Release|Any CPU = Release|Any CPU
	EndGlobalSection
	GlobalSection(ProjectConfigurationPlatforms) = postSolution
		{136962ED-5206-4FE2-960F-E7105193F4B5}.Debug|Any CPU.ActiveCfg = Debug|Any CPU
		{136962ED-5206-4FE2-960F-E7105193F4B5}.Debug|Any CPU.Build.0 = Debug|Any CPU
		{136962ED-5206-4FE2-960F-E7105193F4B5}.Release|Any CPU.ActiveCfg = Release|Any CPU
		{136962ED-5206-4FE2-960F-E7105193F4B5}.Release|Any CPU.Build.0 = Release|Any CPU
		{E5772AB0-6116-4423-90D5-936592A403E5}.Debug|Any CPU.ActiveCfg = Debug|Any CPU
		{E5772AB0-6116-4423-90D5-936592A403E5}.Debug|Any CPU.Build.0 = Debug|Any CPU
		{E5772AB0-6116-4423-90D5-936592A403E5}.Release|Any CPU.ActiveCfg = Release|Any CPU
		{E5772AB0-6116-4423-90D5-936592A403E5}.Release|Any CPU.Build.0 = Release|Any CPU
		{FED25483-927C-4C92-884D-6F36B714BC7A}.Debug|Any CPU.ActiveCfg = Debug|Any CPU
		{FED25483-927C-4C92-884D-6F36B714BC7A}.Debug|Any CPU.Build.0 = Debug|Any CPU
		{FED25483-927C-4C92-884D-6F36B714BC7A}.Release|Any CPU.ActiveCfg = Release|Any CPU
		{FED25483-927C-4C92-884D-6F36B714BC7A}.Release|Any CPU.Build.0 = Release|Any CPU
		{B9C45D7C-27F6-41DE-855F-7677DC2578BC}.Debug|Any CPU.ActiveCfg = Debug|Any CPU
		{B9C45D7C-27F6-41DE-855F-7677DC2578BC}.Debug|Any CPU.Build.0 = Debug|Any CPU
		{B9C45D7C-27F6-41DE-855F-7677DC2578BC}.Release|Any CPU.ActiveCfg = Release|Any CPU
		{B9C45D7C-27F6-41DE-855F-7677DC2578BC}.Release|Any CPU.Build.0 = Release|Any CPU
		{E02912FE-572F-4D6F-850A-0ABAE8B25DBD}.Debug|Any CPU.ActiveCfg = Debug|Any CPU
		{E02912FE-572F-4D6F-850A-0ABAE8B25DBD}.Debug|Any CPU.Build.0 = Debug|Any CPU
		{E02912FE-572F-4D6F-850A-0ABAE8B25DBD}.Release|Any CPU.ActiveCfg = Release|Any CPU
		{E02912FE-572F-4D6F-850A-0ABAE8B25DBD}.Release|Any CPU.Build.0 = Release|Any CPU
	EndGlobalSection
	GlobalSection(SolutionProperties) = preSolution
		HideSolutionNode = FALSE
	EndGlobalSection
	GlobalSection(ExtensibilityGlobals) = postSolution
		SolutionGuid = {B65BE764-2B18-4B05-BF05-14F622DF8E74}
	EndGlobalSection
EndGlobal
